dependencies:
  espressif/led_strip:
    dependencies: []
    source:
      path: F:\ESP32_GH3300\components\espressif__led_strip
      type: local
    version: 2.5.5
  idf:
    source:
      type: idf
    version: 5.4.2
direct_dependencies:
- espressif/led_strip
- idf
manifest_hash: 3c5328f884f0887acf935556292e6e1c07f2d7527fe1bbb8eed2f412da6e49db
target: esp32c6
version: 2.0.0
